
Microsoft Visual Studio Solution File, Format Version 12.00
# Visual Studio 15
VisualStudioVersion = 15.0.27004.2005
MinimumVisualStudioVersion = 10.0.40219.1
Project("{FAE04EC0-301F-11D3-BF4B-00C04F79EFBC}") = "Elchwinkel.CLI", "Elchwinkel.CLI\Elchwinkel.CLI.csproj", "{8BA7C4FD-E9EC-4EB0-807A-0D62FEE08CC4}"
EndProject
Project("{FAE04EC0-301F-11D3-BF4B-00C04F79EFBC}") = "Demo", "Demo\Demo.csproj", "{F89931C6-26A9-4AEF-A166-71893DE7D1F1}"
EndProject
Global
	GlobalSection(SolutionConfigurationPlatforms) = preSolution
		Debug|Any CPU = Debug|Any CPU
		Release|Any CPU = Release|Any CPU
	EndGlobalSection
	GlobalSection(ProjectConfigurationPlatforms) = postSolution
		{8BA7C4FD-E9EC-4EB0-807A-0D62FEE08CC4}.Debug|Any CPU.ActiveCfg = Debug|Any CPU
		{8BA7C4FD-E9EC-4EB0-807A-0D62FEE08CC4}.Debug|Any CPU.Build.0 = Debug|Any CPU
		{8BA7C4FD-E9EC-4EB0-807A-0D62FEE08CC4}.Release|Any CPU.ActiveCfg = Release|Any CPU
		{8BA7C4FD-E9EC-4EB0-807A-0D62FEE08CC4}.Release|Any CPU.Build.0 = Release|Any CPU
		{F89931C6-26A9-4AEF-A166-71893DE7D1F1}.Debug|Any CPU.ActiveCfg = Debug|Any CPU
		{F89931C6-26A9-4AEF-A166-71893DE7D1F1}.Debug|Any CPU.Build.0 = Debug|Any CPU
		{F89931C6-26A9-4AEF-A166-71893DE7D1F1}.Release|Any CPU.ActiveCfg = Release|Any CPU
		{F89931C6-26A9-4AEF-A166-71893DE7D1F1}.Release|Any CPU.Build.0 = Release|Any CPU
	EndGlobalSection
	GlobalSection(SolutionProperties) = preSolution
		HideSolutionNode = FALSE
	EndGlobalSection
	GlobalSection(ExtensibilityGlobals) = postSolution
		SolutionGuid = {A5692AAB-DE95-45D9-8AC5-AD5EC7B22CBE}
	EndGlobalSection
EndGlobal
